
Microsoft Visual Studio Solution File, Format Version 12.00
# Visual Studio 15
VisualStudioVersion = 15.0.27130.0
MinimumVisualStudioVersion = 10.0.40219.1
Project("{FAE04EC0-301F-11D3-BF4B-00C04F79EFBC}") = "MVPTest", "MVPTest\MVPTest.csproj", "{EC7BB5EB-FFC8-4D48-AF5A-9C04AD9ECB5F}"
EndProject
Project("{FAE04EC0-301F-11D3-BF4B-00C04F79EFBC}") = "MVPTest.Core", "MVPTest.Core\MVPTest.Core.csproj", "{1002F39E-E532-465A-8CAD-8A710284FFFC}"
EndProject
Project("{FAE04EC0-301F-11D3-BF4B-00C04F79EFBC}") = "MVPTest.Presentation", "MVPTest.Presentation\MVPTest.Presentation.csproj", "{1B481169-53FD-4896-AEDC-3340CEC009DA}"
EndProject
Global
	GlobalSection(SolutionConfigurationPlatforms) = preSolution
		Debug|Any CPU = Debug|Any CPU
		Release|Any CPU = Release|Any CPU
	EndGlobalSection
	GlobalSection(ProjectConfigurationPlatforms) = postSolution
		{EC7BB5EB-FFC8-4D48-AF5A-9C04AD9ECB5F}.Debug|Any CPU.ActiveCfg = Debug|Any CPU
		{EC7BB5EB-FFC8-4D48-AF5A-9C04AD9ECB5F}.Debug|Any CPU.Build.0 = Debug|Any CPU
		{EC7BB5EB-FFC8-4D48-AF5A-9C04AD9ECB5F}.Release|Any CPU.ActiveCfg = Release|Any CPU
		{EC7BB5EB-FFC8-4D48-AF5A-9C04AD9ECB5F}.Release|Any CPU.Build.0 = Release|Any CPU
		{1002F39E-E532-465A-8CAD-8A710284FFFC}.Debug|Any CPU.ActiveCfg = Debug|Any CPU
		{1002F39E-E532-465A-8CAD-8A710284FFFC}.Debug|Any CPU.Build.0 = Debug|Any CPU
		{1002F39E-E532-465A-8CAD-8A710284FFFC}.Release|Any CPU.ActiveCfg = Release|Any CPU
		{1002F39E-E532-465A-8CAD-8A710284FFFC}.Release|Any CPU.Build.0 = Release|Any CPU
		{1B481169-53FD-4896-AEDC-3340CEC009DA}.Debug|Any CPU.ActiveCfg = Debug|Any CPU
		{1B481169-53FD-4896-AEDC-3340CEC009DA}.Debug|Any CPU.Build.0 = Debug|Any CPU
		{1B481169-53FD-4896-AEDC-3340CEC009DA}.Release|Any CPU.ActiveCfg = Release|Any CPU
		{1B481169-53FD-4896-AEDC-3340CEC009DA}.Release|Any CPU.Build.0 = Release|Any CPU
	EndGlobalSection
	GlobalSection(SolutionProperties) = preSolution
		HideSolutionNode = FALSE
	EndGlobalSection
	GlobalSection(ExtensibilityGlobals) = postSolution
		SolutionGuid = {CB2233F2-F3FA-4134-B4DE-D19E7DCF2BDF}
	EndGlobalSection
EndGlobal
